// !$*UTF8*$!
{
	archiveVersion = 1;
	classes = {
	};
	objectVersion = 56;
	objects = {

/* Begin PBXBuildFile section */
		FB5226852B8FDD0000FDBB5C /* AppDelegate.swift in Sources */ = {isa = PBXBuildFile; fileRef = FB5226842B8FDD0000FDBB5C /* AppDelegate.swift */; };
		FB5226872B8FDD0000FDBB5C /* SceneDelegate.swift in Sources */ = {isa = PBXBuildFile; fileRef = FB5226862B8FDD0000FDBB5C /* SceneDelegate.swift */; };
		FB5226892B8FDD0000FDBB5C /* ViewController.swift in Sources */ = {isa = PBXBuildFile; fileRef = FB5226882B8FDD0000FDBB5C /* ViewController.swift */; };
		FB52268C2B8FDD0000FDBB5C /* Main.storyboard in Resources */ = {isa = PBXBuildFile; fileRef = FB52268A2B8FDD0000FDBB5C /* Main.storyboard */; };
		FB52268F2B8FDD0000FDBB5C /* Evidencia1.xcdatamodeld in Sources */ = {isa = PBXBuildFile; fileRef = FB52268D2B8FDD0000FDBB5C /* Evidencia1.xcdatamodeld */; };
		FB5226912B8FDD0200FDBB5C /* Assets.xcassets in Resources */ = {isa = PBXBuildFile; fileRef = FB5226902B8FDD0200FDBB5C /* Assets.xcassets */; };
		FB5226942B8FDD0200FDBB5C /* LaunchScreen.storyboard in Resources */ = {isa = PBXBuildFile; fileRef = FB5226922B8FDD0200FDBB5C /* LaunchScreen.storyboard */; };
		FB52269C2B8FEA3000FDBB5C /* Game.swift in Sources */ = {isa = PBXBuildFile; fileRef = FB52269B2B8FEA3000FDBB5C /* Game.swift */; };
/* End PBXBuildFile section */

/* Begin PBXFileReference section */
		FB5226812B8FDD0000FDBB5C /* Evidencia1.app */ = {isa = PBXFileReference; explicitFileType = wrapper.application; includeInIndex = 0; path = Evidencia1.app; sourceTree = BUILT_PRODUCTS_DIR; };
		FB5226842B8FDD0000FDBB5C /* AppDelegate.swift */ = {isa = PBXFileReference; lastKnownFileType = sourcecode.swift; path = AppDelegate.swift; sourceTree = "<group>"; };
		FB5226862B8FDD0000FDBB5C /* SceneDelegate.swift */ = {isa = PBXFileReference; lastKnownFileType = sourcecode.swift; path = SceneDelegate.swift; sourceTree = "<group>"; };
		FB5226882B8FDD0000FDBB5C /* ViewController.swift */ = {isa = PBXFileReference; lastKnownFileType = sourcecode.swift; path = ViewController.swift; sourceTree = "<group>"; };
		FB52268B2B8FDD0000FDBB5C /* Base */ = {isa = PBXFileReference; lastKnownFileType = file.storyboard; name = Base; path = Base.lproj/Main.storyboard; sourceTree = "<group>"; };
		FB52268E2B8FDD0000FDBB5C /* Evidencia1.xcdatamodel */ = {isa = PBXFileReference; lastKnownFileType = wrapper.xcdatamodel; path = Evidencia1.xcdatamodel; sourceTree = "<group>"; };
		FB5226902B8FDD0200FDBB5C /* Assets.xcassets */ = {isa = PBXFileReference; lastKnownFileType = folder.assetcatalog; path = Assets.xcassets; sourceTree = "<group>"; };
		FB5226932B8FDD0200FDBB5C /* Base */ = {isa = PBXFileReference; lastKnownFileType = file.storyboard; name = Base; path = Base.lproj/LaunchScreen.storyboard; sourceTree = "<group>"; };
		FB5226952B8FDD0200FDBB5C /* Info.plist */ = {isa = PBXFileReference; lastKnownFileType = text.plist.xml; path = Info.plist; sourceTree = "<group>"; };
		FB52269B2B8FEA3000FDBB5C /* Game.swift */ = {isa = PBXFileReference; lastKnownFileType = sourcecode.swift; path = Game.swift; sourceTree = "<group>"; };
/* End PBXFileReference section */

/* Begin PBXFrameworksBuildPhase section */
		FB52267E2B8FDD0000FDBB5C /* Frameworks */ = {
			isa = PBXFrameworksBuildPhase;
			buildActionMask = 2147483647;
			files = (
			);
			runOnlyForDeploymentPostprocessing = 0;
		};
/* End PBXFrameworksBuildPhase section */

/* Begin PBXGroup section */
		FB5226782B8FDD0000FDBB5C = {
			isa = PBXGroup;
			children = (
				FB5226832B8FDD0000FDBB5C /* Evidencia1 */,
				FB5226822B8FDD0000FDBB5C /* Products */,
			);
			sourceTree = "<group>";
		};
		FB5226822B8FDD0000FDBB5C /* Products */ = {
			isa = PBXGroup;
			children = (
				FB5226812B8FDD0000FDBB5C /* Evidencia1.app */,
			);
			name = Products;
			sourceTree = "<group>";
		};
		FB5226832B8FDD0000FDBB5C /* Evidencia1 */ = {
			isa = PBXGroup;
			children = (
				FB5226842B8FDD0000FDBB5C /* AppDelegate.swift */,
				FB5226862B8FDD0000FDBB5C /* SceneDelegate.swift */,
				FB5226882B8FDD0000FDBB5C /* ViewController.swift */,
				FB52269B2B8FEA3000FDBB5C /* Game.swift */,
				FB52268A2B8FDD0000FDBB5C /* Main.storyboard */,
				FB5226902B8FDD0200FDBB5C /* Assets.xcassets */,
				FB5226922B8FDD0200FDBB5C /* LaunchScreen.storyboard */,
				FB5226952B8FDD0200FDBB5C /* Info.plist */,
				FB52268D2B8FDD0000FDBB5C /* Evidencia1.xcdatamodeld */,
			);
			path = Evidencia1;
			sourceTree = "<group>";
		};
/* End PBXGroup section */

/* Begin PBXNativeTarget section */
		FB5226802B8FDD0000FDBB5C /* Evidencia1 */ = {
			isa = PBXNativeTarget;
			buildConfigurationList = FB5226982B8FDD0200FDBB5C /* Build configuration list for PBXNativeTarget "Evidencia1" */;
			buildPhases = (
				FB52267D2B8FDD0000FDBB5C /* Sources */,
				FB52267E2B8FDD0000FDBB5C /* Frameworks */,
				FB52267F2B8FDD0000FDBB5C /* Resources */,
			);
			buildRules = (
			);
			dependencies = (
			);
			name = Evidencia1;
			productName = Evidencia1;
			productReference = FB5226812B8FDD0000FDBB5C /* Evidencia1.app */;
			productType = "com.apple.product-type.application";
		};
/* End PBXNativeTarget section */

/* Begin PBXProject section */
		FB5226792B8FDD0000FDBB5C /* Project object */ = {
			isa = PBXProject;
			attributes = {
				BuildIndependentTargetsInParallel = 1;
				LastSwiftUpdateCheck = 1430;
				LastUpgradeCheck = 1430;
				TargetAttributes = {
					FB5226802B8FDD0000FDBB5C = {
						CreatedOnToolsVersion = 14.3.1;
					};
				};
			};
			buildConfigurationList = FB52267C2B8FDD0000FDBB5C /* Build configuration list for PBXProject "Evidencia1" */;
			compatibilityVersion = "Xcode 14.0";
			developmentRegion = en;
			hasScannedForEncodings = 0;
			knownRegions = (
				en,
				Base,
			);
			mainGroup = FB5226782B8FDD0000FDBB5C;
			productRefGroup = FB5226822B8FDD0000FDBB5C /* Products */;
			projectDirPath = "";
			projectRoot = "";
			targets = (
				FB5226802B8FDD0000FDBB5C /* Evidencia1 */,
			);
		};
/* End PBXProject section */

/* Begin PBXResourcesBuildPhase section */
		FB52267F2B8FDD0000FDBB5C /* Resources */ = {
			isa = PBXResourcesBuildPhase;
			buildActionMask = 2147483647;
			files = (
				FB5226942B8FDD0200FDBB5C /* LaunchScreen.storyboard in Resources */,
				FB5226912B8FDD0200FDBB5C /* Assets.xcassets in Resources */,
				FB52268C2B8FDD0000FDBB5C /* Main.storyboard in Resources */,
			);
			runOnlyForDeploymentPostprocessing = 0;
		};
/* End PBXResourcesBuildPhase section */

/* Begin PBXSourcesBuildPhase section */
		FB52267D2B8FDD0000FDBB5C /* Sources */ = {
			isa = PBXSourcesBuildPhase;
			buildActionMask = 2147483647;
			files = (
				FB52268F2B8FDD0000FDBB5C /* Evidencia1.xcdatamodeld in Sources */,
				FB52269C2B8FEA3000FDBB5C /* Game.swift in Sources */,
				FB5226892B8FDD0000FDBB5C /* ViewController.swift in Sources */,
				FB5226852B8FDD0000FDBB5C /* AppDelegate.swift in Sources */,
				FB5226872B8FDD0000FDBB5C /* SceneDelegate.swift in Sources */,
			);
			runOnlyForDeploymentPostprocessing = 0;
		};
/* End PBXSourcesBuildPhase section */

/* Begin PBXVariantGroup section */
		FB52268A2B8FDD0000FDBB5C /* Main.storyboard */ = {
			isa = PBXVariantGroup;
			children = (
				FB52268B2B8FDD0000FDBB5C /* Base */,
			);
			name = Main.storyboard;
			sourceTree = "<group>";
		};
		FB5226922B8FDD0200FDBB5C /* LaunchScreen.storyboard */ = {
			isa = PBXVariantGroup;
			children = (
				FB5226932B8FDD0200FDBB5C /* Base */,
			);
			name = LaunchScreen.storyboard;
			sourceTree = "<group>";
		};
/* End PBXVariantGroup section */

/* Begin XCBuildConfiguration section */
		FB5226962B8FDD0200FDBB5C /* Debug */ = {
			isa = XCBuildConfiguration;
			buildSettings = {
				ALWAYS_SEARCH_USER_PATHS = NO;
				CLANG_ANALYZER_NONNULL = YES;
				CLANG_ANALYZER_NUMBER_OBJECT_CONVERSION = YES_AGGRESSIVE;
				CLANG_CXX_LANGUAGE_STANDARD = "gnu++20";
				CLANG_ENABLE_MODULES = YES;
				CLANG_ENABLE_OBJC_ARC = YES;
				CLANG_ENABLE_OBJC_WEAK = YES;
				CLANG_WARN_BLOCK_CAPTURE_AUTORELEASING = YES;
				CLANG_WARN_BOOL_CONVERSION = YES;
				CLANG_WARN_COMMA = YES;
				CLANG_WARN_CONSTANT_CONVERSION = YES;
				CLANG_WARN_DEPRECATED_OBJC_IMPLEMENTATIONS = YES;
				CLANG_WARN_DIRECT_OBJC_ISA_USAGE = YES_ERROR;
				CLANG_WARN_DOCUMENTATION_COMMENTS = YES;
				CLANG_WARN_EMPTY_BODY = YES;
				CLANG_WARN_ENUM_CONVERSION = YES;
				CLANG_WARN_INFINITE_RECURSION = YES;
				CLANG_WARN_INT_CONVERSION = YES;
				CLANG_WARN_NON_LITERAL_NULL_CONVERSION = YES;
				CLANG_WARN_OBJC_IMPLICIT_RETAIN_SELF = YES;
				CLANG_WARN_OBJC_LITERAL_CONVERSION = YES;
				CLANG_WARN_OBJC_ROOT_CLASS = YES_ERROR;
				CLANG_WARN_QUOTED_INCLUDE_IN_FRAMEWORK_HEADER = YES;
				CLANG_WARN_RANGE_LOOP_ANALYSIS = YES;
				CLANG_WARN_STRICT_PROTOTYPES = YES;
				CLANG_WARN_SUSPICIOUS_MOVE = YES;
				CLANG_WARN_UNGUARDED_AVAILABILITY = YES_AGGRESSIVE;
				CLANG_WARN_UNREACHABLE_CODE = YES;
				CLANG_WARN__DUPLICATE_METHOD_MATCH = YES;
				COPY_PHASE_STRIP = NO;
				DEBUG_INFORMATION_FORMAT = dwarf;
				ENABLE_STRICT_OBJC_MSGSEND = YES;
				ENABLE_TESTABILITY = YES;
				GCC_C_LANGUAGE_STANDARD = gnu11;
				GCC_DYNAMIC_NO_PIC = NO;
				GCC_NO_COMMON_BLOCKS = YES;
				GCC_OPTIMIZATION_LEVEL = 0;
				GCC_PREPROCESSOR_DEFINITIONS = (
					"DEBUG=1",
					"$(inherited)",
				);
				GCC_WARN_64_TO_32_BIT_CONVERSION = YES;
				GCC_WARN_ABOUT_RETURN_TYPE = YES_ERROR;
				GCC_WARN_UNDECLARED_SELECTOR = YES;
				GCC_WARN_UNINITIALIZED_AUTOS = YES_AGGRESSIVE;
				GCC_WARN_UNUSED_FUNCTION = YES;
				GCC_WARN_UNUSED_VARIABLE = YES;
				IPHONEOS_DEPLOYMENT_TARGET = 16.4;
				MTL_ENABLE_DEBUG_INFO = INCLUDE_SOURCE;
				MTL_FAST_MATH = YES;
				ONLY_ACTIVE_ARCH = YES;
				SDKROOT = iphoneos;
				SWIFT_ACTIVE_COMPILATION_CONDITIONS = DEBUG;
				SWIFT_OPTIMIZATION_LEVEL = "-Onone";
			};
			name = Debug;
		};
		FB5226972B8FDD0200FDBB5C /* Release */ = {
			isa = XCBuildConfiguration;
			buildSettings = {
				ALWAYS_SEARCH_USER_PATHS = NO;
				CLANG_ANALYZER_NONNULL = YES;
				CLANG_ANALYZER_NUMBER_OBJECT_CONVERSION = YES_AGGRESSIVE;
				CLANG_CXX_LANGUAGE_STANDARD = "gnu++20";
				CLANG_ENABLE_MODULES = YES;
				CLANG_ENABLE_OBJC_ARC = YES;
				CLANG_ENABLE_OBJC_WEAK = YES;
				CLANG_WARN_BLOCK_CAPTURE_AUTORELEASING = YES;
				CLANG_WARN_BOOL_CONVERSION = YES;
				CLANG_WARN_COMMA = YES;
				CLANG_WARN_CONSTANT_CONVERSION = YES;
				CLANG_WARN_DEPRECATED_OBJC_IMPLEMENTATIONS = YES;
				CLANG_WARN_DIRECT_OBJC_ISA_USAGE = YES_ERROR;
				CLANG_WARN_DOCUMENTATION_COMMENTS = YES;
				CLANG_WARN_EMPTY_BODY = YES;
				CLANG_WARN_ENUM_CONVERSION = YES;
				CLANG_WARN_INFINITE_RECURSION = YES;
				CLANG_WARN_INT_CONVERSION = YES;
				CLANG_WARN_NON_LITERAL_NULL_CONVERSION = YES;
				CLANG_WARN_OBJC_IMPLICIT_RETAIN_SELF = YES;
				CLANG_WARN_OBJC_LITERAL_CONVERSION = YES;
				CLANG_WARN_OBJC_ROOT_CLASS = YES_ERROR;
				CLANG_WARN_QUOTED_INCLUDE_IN_FRAMEWORK_HEADER = YES;
				CLANG_WARN_RANGE_LOOP_ANALYSIS = YES;
				CLANG_WARN_STRICT_PROTOTYPES = YES;
				CLANG_WARN_SUSPICIOUS_MOVE = YES;
				CLANG_WARN_UNGUARDED_AVAILABILITY = YES_AGGRESSIVE;
				CLANG_WARN_UNREACHABLE_CODE = YES;
				CLANG_WARN__DUPLICATE_METHOD_MATCH = YES;
				COPY_PHASE_STRIP = NO;
				DEBUG_INFORMATION_FORMAT = "dwarf-with-dsym";
				ENABLE_NS_ASSERTIONS = NO;
				ENABLE_STRICT_OBJC_MSGSEND = YES;
				GCC_C_LANGUAGE_STANDARD = gnu11;
				GCC_NO_COMMON_BLOCKS = YES;
				GCC_WARN_64_TO_32_BIT_CONVERSION = YES;
				GCC_WARN_ABOUT_RETURN_TYPE = YES_ERROR;
				GCC_WARN_UNDECLARED_SELECTOR = YES;
				GCC_WARN_UNINITIALIZED_AUTOS = YES_AGGRESSIVE;
				GCC_WARN_UNUSED_FUNCTION = YES;
				GCC_WARN_UNUSED_VARIABLE = YES;
				IPHONEOS_DEPLOYMENT_TARGET = 16.4;
				MTL_ENABLE_DEBUG_INFO = NO;
				MTL_FAST_MATH = YES;
				SDKROOT = iphoneos;
				SWIFT_COMPILATION_MODE = wholemodule;
				SWIFT_OPTIMIZATION_LEVEL = "-O";
				VALIDATE_PRODUCT = YES;
			};
			name = Release;
		};
		FB5226992B8FDD0200FDBB5C /* Debug */ = {
			isa = XCBuildConfiguration;
			buildSettings = {
				ASSETCATALOG_COMPILER_APPICON_NAME = AppIcon;
				ASSETCATALOG_COMPILER_GLOBAL_ACCENT_COLOR_NAME = AccentColor;
				CODE_SIGN_STYLE = Automatic;
				CURRENT_PROJECT_VERSION = 1;
				GENERATE_INFOPLIST_FILE = YES;
				INFOPLIST_FILE = Evidencia1/Info.plist;
				INFOPLIST_KEY_UIApplicationSupportsIndirectInputEvents = YES;
				INFOPLIST_KEY_UILaunchStoryboardName = LaunchScreen;
				INFOPLIST_KEY_UIMainStoryboardFile = Main;
				INFOPLIST_KEY_UISupportedInterfaceOrientations_iPad = "UIInterfaceOrientationPortrait UIInterfaceOrientationPortraitUpsideDown UIInterfaceOrientationLandscapeLeft UIInterfaceOrientationLandscapeRight";
				INFOPLIST_KEY_UISupportedInterfaceOrientations_iPhone = "UIInterfaceOrientationPortrait UIInterfaceOrientationLandscapeLeft UIInterfaceOrientationLandscapeRight";
				LD_RUNPATH_SEARCH_PATHS = (
					"$(inherited)",
					"@executable_path/Frameworks",
				);
				MARKETING_VERSION = 1.0;
				PRODUCT_BUNDLE_IDENTIFIER = Tecmilenio.Evidencia1;
				PRODUCT_NAME = "$(TARGET_NAME)";
				SWIFT_EMIT_LOC_STRINGS = YES;
				SWIFT_VERSION = 5.0;
				TARGETED_DEVICE_FAMILY = "1,2";
			};
			name = Debug;
		};
		FB52269A2B8FDD0200FDBB5C /* Release */ = {
			isa = XCBuildConfiguration;
			buildSettings = {
				ASSETCATALOG_COMPILER_APPICON_NAME = AppIcon;
				ASSETCATALOG_COMPILER_GLOBAL_ACCENT_COLOR_NAME = AccentColor;
				CODE_SIGN_STYLE = Automatic;
				CURRENT_PROJECT_VERSION = 1;
				GENERATE_INFOPLIST_FILE = YES;
				INFOPLIST_FILE = Evidencia1/Info.plist;
				INFOPLIST_KEY_UIApplicationSupportsIndirectInputEvents = YES;
				INFOPLIST_KEY_UILaunchStoryboardName = LaunchScreen;
				INFOPLIST_KEY_UIMainStoryboardFile = Main;
				INFOPLIST_KEY_UISupportedInterfaceOrientations_iPad = "UIInterfaceOrientationPortrait UIInterfaceOrientationPortraitUpsideDown UIInterfaceOrientationLandscapeLeft UIInterfaceOrientationLandscapeRight";
				INFOPLIST_KEY_UISupportedInterfaceOrientations_iPhone = "UIInterfaceOrientationPortrait UIInterfaceOrientationLandscapeLeft UIInterfaceOrientationLandscapeRight";
				LD_RUNPATH_SEARCH_PATHS = (
					"$(inherited)",
					"@executable_path/Frameworks",
				);
				MARKETING_VERSION = 1.0;
				PRODUCT_BUNDLE_IDENTIFIER = Tecmilenio.Evidencia1;
				PRODUCT_NAME = "$(TARGET_NAME)";
				SWIFT_EMIT_LOC_STRINGS = YES;
				SWIFT_VERSION = 5.0;
				TARGETED_DEVICE_FAMILY = "1,2";
			};
			name = Release;
		};
/* End XCBuildConfiguration section */

/* Begin XCConfigurationList section */
		FB52267C2B8FDD0000FDBB5C /* Build configuration list for PBXProject "Evidencia1" */ = {
			isa = XCConfigurationList;
			buildConfigurations = (
				FB5226962B8FDD0200FDBB5C /* Debug */,
				FB5226972B8FDD0200FDBB5C /* Release */,
			);
			defaultConfigurationIsVisible = 0;
			defaultConfigurationName = Release;
		};
		FB5226982B8FDD0200FDBB5C /* Build configuration list for PBXNativeTarget "Evidencia1" */ = {
			isa = XCConfigurationList;
			buildConfigurations = (
				FB5226992B8FDD0200FDBB5C /* Debug */,
				FB52269A2B8FDD0200FDBB5C /* Release */,
			);
			defaultConfigurationIsVisible = 0;
			defaultConfigurationName = Release;
		};
/* End XCConfigurationList section */

/* Begin XCVersionGroup section */
		FB52268D2B8FDD0000FDBB5C /* Evidencia1.xcdatamodeld */ = {
			isa = XCVersionGroup;
			children = (
				FB52268E2B8FDD0000FDBB5C /* Evidencia1.xcdatamodel */,
			);
			currentVersion = FB52268E2B8FDD0000FDBB5C /* Evidencia1.xcdatamodel */;
			path = Evidencia1.xcdatamodeld;
			sourceTree = "<group>";
			versionGroupType = wrapper.xcdatamodel;
		};
/* End XCVersionGroup section */
	};
	rootObject = FB5226792B8FDD0000FDBB5C /* Project object */;
}
